// !$*UTF8*$!
{
	archiveVersion = 1;
	classes = {
	};
	objectVersion = 50;
	objects = {

/* Begin PBXBuildFile section */
		2AC47B27A4B9BE4141503273 /* Pods_GorgesTests.framework in Frameworks */ = {isa = PBXBuildFile; fileRef = 84F075971EA8F7719882E1C8 /* Pods_GorgesTests.framework */; };
		79A4036DAAE795599EDBEDBC /* Pods_Gorges.framework in Frameworks */ = {isa = PBXBuildFile; fileRef = B639DC6F76C9BA4FBC232DB5 /* Pods_Gorges.framework */; };
		AC65C4198A96FB8AC8742CFF /* Pods_GorgesUITests.framework in Frameworks */ = {isa = PBXBuildFile; fileRef = F38C5B7158BDEFCFFB720D40 /* Pods_GorgesUITests.framework */; };
		D292F32E209D4B4900692017 /* Network.swift in Sources */ = {isa = PBXBuildFile; fileRef = D292F32D209D4B4900692017 /* Network.swift */; };
		EC5A951A209A418600D728D2 /* BackgroundViewController.swift in Sources */ = {isa = PBXBuildFile; fileRef = EC5A9519209A418600D728D2 /* BackgroundViewController.swift */; };
		EC613F272092936800C35F11 /* AppDelegate.swift in Sources */ = {isa = PBXBuildFile; fileRef = EC613F262092936800C35F11 /* AppDelegate.swift */; };
		EC613F292092936800C35F11 /* SearchViewController.swift in Sources */ = {isa = PBXBuildFile; fileRef = EC613F282092936800C35F11 /* SearchViewController.swift */; };
		EC613F2E2092936900C35F11 /* Assets.xcassets in Resources */ = {isa = PBXBuildFile; fileRef = EC613F2D2092936900C35F11 /* Assets.xcassets */; };
		EC613F312092936900C35F11 /* LaunchScreen.storyboard in Resources */ = {isa = PBXBuildFile; fileRef = EC613F2F2092936900C35F11 /* LaunchScreen.storyboard */; };
		EC613F3C2092936900C35F11 /* GorgesTests.swift in Sources */ = {isa = PBXBuildFile; fileRef = EC613F3B2092936900C35F11 /* GorgesTests.swift */; };
		EC613F472092936900C35F11 /* GorgesUITests.swift in Sources */ = {isa = PBXBuildFile; fileRef = EC613F462092936900C35F11 /* GorgesUITests.swift */; };
		EC613F57209299D100C35F11 /* Restaurant.swift in Sources */ = {isa = PBXBuildFile; fileRef = EC613F56209299D100C35F11 /* Restaurant.swift */; };
		EC613F5920929FF200C35F11 /* DetailNavViewController.swift in Sources */ = {isa = PBXBuildFile; fileRef = EC613F5820929FF200C35F11 /* DetailNavViewController.swift */; };
/* End PBXBuildFile section */

/* Begin PBXContainerItemProxy section */
		EC613F382092936900C35F11 /* PBXContainerItemProxy */ = {
			isa = PBXContainerItemProxy;
			containerPortal = EC613F1B2092936800C35F11 /* Project object */;
			proxyType = 1;
			remoteGlobalIDString = EC613F222092936800C35F11;
			remoteInfo = Gorges;
		};
		EC613F432092936900C35F11 /* PBXContainerItemProxy */ = {
			isa = PBXContainerItemProxy;
			containerPortal = EC613F1B2092936800C35F11 /* Project object */;
			proxyType = 1;
			remoteGlobalIDString = EC613F222092936800C35F11;
			remoteInfo = Gorges;
		};
/* End PBXContainerItemProxy section */

/* Begin PBXFileReference section */
		6A5E9B3A8E69B362C0269556 /* Pods-Gorges.debug.xcconfig */ = {isa = PBXFileReference; includeInIndex = 1; lastKnownFileType = text.xcconfig; name = "Pods-Gorges.debug.xcconfig"; path = "Pods/Target Support Files/Pods-Gorges/Pods-Gorges.debug.xcconfig"; sourceTree = "<group>"; };
		7AE7647F365D5D45F1B14BD9 /* Pods-Gorges.release.xcconfig */ = {isa = PBXFileReference; includeInIndex = 1; lastKnownFileType = text.xcconfig; name = "Pods-Gorges.release.xcconfig"; path = "Pods/Target Support Files/Pods-Gorges/Pods-Gorges.release.xcconfig"; sourceTree = "<group>"; };
		84F075971EA8F7719882E1C8 /* Pods_GorgesTests.framework */ = {isa = PBXFileReference; explicitFileType = wrapper.framework; includeInIndex = 0; path = Pods_GorgesTests.framework; sourceTree = BUILT_PRODUCTS_DIR; };
		B258C43A442C6E6F9F3FC160 /* Pods-GorgesUITests.debug.xcconfig */ = {isa = PBXFileReference; includeInIndex = 1; lastKnownFileType = text.xcconfig; name = "Pods-GorgesUITests.debug.xcconfig"; path = "Pods/Target Support Files/Pods-GorgesUITests/Pods-GorgesUITests.debug.xcconfig"; sourceTree = "<group>"; };
		B639DC6F76C9BA4FBC232DB5 /* Pods_Gorges.framework */ = {isa = PBXFileReference; explicitFileType = wrapper.framework; includeInIndex = 0; path = Pods_Gorges.framework; sourceTree = BUILT_PRODUCTS_DIR; };
		BF123B1047E1918CA303950C /* Pods-GorgesTests.debug.xcconfig */ = {isa = PBXFileReference; includeInIndex = 1; lastKnownFileType = text.xcconfig; name = "Pods-GorgesTests.debug.xcconfig"; path = "Pods/Target Support Files/Pods-GorgesTests/Pods-GorgesTests.debug.xcconfig"; sourceTree = "<group>"; };
		CACD3533FA30DEB397878A35 /* Pods-GorgesTests.release.xcconfig */ = {isa = PBXFileReference; includeInIndex = 1; lastKnownFileType = text.xcconfig; name = "Pods-GorgesTests.release.xcconfig"; path = "Pods/Target Support Files/Pods-GorgesTests/Pods-GorgesTests.release.xcconfig"; sourceTree = "<group>"; };
		D292F32D209D4B4900692017 /* Network.swift */ = {isa = PBXFileReference; lastKnownFileType = sourcecode.swift; path = Network.swift; sourceTree = "<group>"; };
		DC925BD0EB8ABC19F212155A /* Pods-GorgesUITests.release.xcconfig */ = {isa = PBXFileReference; includeInIndex = 1; lastKnownFileType = text.xcconfig; name = "Pods-GorgesUITests.release.xcconfig"; path = "Pods/Target Support Files/Pods-GorgesUITests/Pods-GorgesUITests.release.xcconfig"; sourceTree = "<group>"; };
		EC5A9519209A418600D728D2 /* BackgroundViewController.swift */ = {isa = PBXFileReference; lastKnownFileType = sourcecode.swift; path = BackgroundViewController.swift; sourceTree = "<group>"; };
		EC613F232092936800C35F11 /* Gorges.app */ = {isa = PBXFileReference; explicitFileType = wrapper.application; includeInIndex = 0; path = Gorges.app; sourceTree = BUILT_PRODUCTS_DIR; };
		EC613F262092936800C35F11 /* AppDelegate.swift */ = {isa = PBXFileReference; lastKnownFileType = sourcecode.swift; path = AppDelegate.swift; sourceTree = "<group>"; };
		EC613F282092936800C35F11 /* SearchViewController.swift */ = {isa = PBXFileReference; lastKnownFileType = sourcecode.swift; path = SearchViewController.swift; sourceTree = "<group>"; };
		EC613F2D2092936900C35F11 /* Assets.xcassets */ = {isa = PBXFileReference; lastKnownFileType = folder.assetcatalog; path = Assets.xcassets; sourceTree = "<group>"; };
		EC613F302092936900C35F11 /* Base */ = {isa = PBXFileReference; lastKnownFileType = file.storyboard; name = Base; path = Base.lproj/LaunchScreen.storyboard; sourceTree = "<group>"; };
		EC613F322092936900C35F11 /* Info.plist */ = {isa = PBXFileReference; lastKnownFileType = text.plist.xml; path = Info.plist; sourceTree = "<group>"; };
		EC613F372092936900C35F11 /* GorgesTests.xctest */ = {isa = PBXFileReference; explicitFileType = wrapper.cfbundle; includeInIndex = 0; path = GorgesTests.xctest; sourceTree = BUILT_PRODUCTS_DIR; };
		EC613F3B2092936900C35F11 /* GorgesTests.swift */ = {isa = PBXFileReference; lastKnownFileType = sourcecode.swift; path = GorgesTests.swift; sourceTree = "<group>"; };
		EC613F3D2092936900C35F11 /* Info.plist */ = {isa = PBXFileReference; lastKnownFileType = text.plist.xml; path = Info.plist; sourceTree = "<group>"; };
		EC613F422092936900C35F11 /* GorgesUITests.xctest */ = {isa = PBXFileReference; explicitFileType = wrapper.cfbundle; includeInIndex = 0; path = GorgesUITests.xctest; sourceTree = BUILT_PRODUCTS_DIR; };
		EC613F462092936900C35F11 /* GorgesUITests.swift */ = {isa = PBXFileReference; lastKnownFileType = sourcecode.swift; path = GorgesUITests.swift; sourceTree = "<group>"; };
		EC613F482092936900C35F11 /* Info.plist */ = {isa = PBXFileReference; lastKnownFileType = text.plist.xml; path = Info.plist; sourceTree = "<group>"; };
		EC613F56209299D100C35F11 /* Restaurant.swift */ = {isa = PBXFileReference; lastKnownFileType = sourcecode.swift; path = Restaurant.swift; sourceTree = "<group>"; };
		EC613F5820929FF200C35F11 /* DetailNavViewController.swift */ = {isa = PBXFileReference; lastKnownFileType = sourcecode.swift; path = DetailNavViewController.swift; sourceTree = "<group>"; };
		F38C5B7158BDEFCFFB720D40 /* Pods_GorgesUITests.framework */ = {isa = PBXFileReference; explicitFileType = wrapper.framework; includeInIndex = 0; path = Pods_GorgesUITests.framework; sourceTree = BUILT_PRODUCTS_DIR; };
/* End PBXFileReference section */

/* Begin PBXFrameworksBuildPhase section */
		EC613F202092936800C35F11 /* Frameworks */ = {
			isa = PBXFrameworksBuildPhase;
			buildActionMask = 2147483647;
			files = (
				79A4036DAAE795599EDBEDBC /* Pods_Gorges.framework in Frameworks */,
			);
			runOnlyForDeploymentPostprocessing = 0;
		};
		EC613F342092936900C35F11 /* Frameworks */ = {
			isa = PBXFrameworksBuildPhase;
			buildActionMask = 2147483647;
			files = (
				2AC47B27A4B9BE4141503273 /* Pods_GorgesTests.framework in Frameworks */,
			);
			runOnlyForDeploymentPostprocessing = 0;
		};
		EC613F3F2092936900C35F11 /* Frameworks */ = {
			isa = PBXFrameworksBuildPhase;
			buildActionMask = 2147483647;
			files = (
				AC65C4198A96FB8AC8742CFF /* Pods_GorgesUITests.framework in Frameworks */,
			);
			runOnlyForDeploymentPostprocessing = 0;
		};
/* End PBXFrameworksBuildPhase section */

/* Begin PBXGroup section */
		2B2A659EB362C90468B36770 /* Frameworks */ = {
			isa = PBXGroup;
			children = (
				B639DC6F76C9BA4FBC232DB5 /* Pods_Gorges.framework */,
				84F075971EA8F7719882E1C8 /* Pods_GorgesTests.framework */,
				F38C5B7158BDEFCFFB720D40 /* Pods_GorgesUITests.framework */,
			);
			name = Frameworks;
			sourceTree = "<group>";
		};
		EC613F1A2092936800C35F11 = {
			isa = PBXGroup;
			children = (
				EC613F252092936800C35F11 /* Gorges */,
				EC613F3A2092936900C35F11 /* GorgesTests */,
				EC613F452092936900C35F11 /* GorgesUITests */,
				EC613F242092936800C35F11 /* Products */,
				EFD8C57BAC79B455D58447CA /* Pods */,
				2B2A659EB362C90468B36770 /* Frameworks */,
			);
			sourceTree = "<group>";
		};
		EC613F242092936800C35F11 /* Products */ = {
			isa = PBXGroup;
			children = (
				EC613F232092936800C35F11 /* Gorges.app */,
				EC613F372092936900C35F11 /* GorgesTests.xctest */,
				EC613F422092936900C35F11 /* GorgesUITests.xctest */,
			);
			name = Products;
			sourceTree = "<group>";
		};
		EC613F252092936800C35F11 /* Gorges */ = {
			isa = PBXGroup;
			children = (
				EC613F262092936800C35F11 /* AppDelegate.swift */,
				EC613F282092936800C35F11 /* SearchViewController.swift */,
				D292F32D209D4B4900692017 /* Network.swift */,
				EC5A9519209A418600D728D2 /* BackgroundViewController.swift */,
				EC613F5820929FF200C35F11 /* DetailNavViewController.swift */,
				EC613F56209299D100C35F11 /* Restaurant.swift */,
				EC613F2D2092936900C35F11 /* Assets.xcassets */,
				EC613F2F2092936900C35F11 /* LaunchScreen.storyboard */,
				EC613F322092936900C35F11 /* Info.plist */,
			);
			path = Gorges;
			sourceTree = "<group>";
		};
		EC613F3A2092936900C35F11 /* GorgesTests */ = {
			isa = PBXGroup;
			children = (
				EC613F3B2092936900C35F11 /* GorgesTests.swift */,
				EC613F3D2092936900C35F11 /* Info.plist */,
			);
			path = GorgesTests;
			sourceTree = "<group>";
		};
		EC613F452092936900C35F11 /* GorgesUITests */ = {
			isa = PBXGroup;
			children = (
				EC613F462092936900C35F11 /* GorgesUITests.swift */,
				EC613F482092936900C35F11 /* Info.plist */,
			);
			path = GorgesUITests;
			sourceTree = "<group>";
		};
		EFD8C57BAC79B455D58447CA /* Pods */ = {
			isa = PBXGroup;
			children = (
				6A5E9B3A8E69B362C0269556 /* Pods-Gorges.debug.xcconfig */,
				7AE7647F365D5D45F1B14BD9 /* Pods-Gorges.release.xcconfig */,
				BF123B1047E1918CA303950C /* Pods-GorgesTests.debug.xcconfig */,
				CACD3533FA30DEB397878A35 /* Pods-GorgesTests.release.xcconfig */,
				B258C43A442C6E6F9F3FC160 /* Pods-GorgesUITests.debug.xcconfig */,
				DC925BD0EB8ABC19F212155A /* Pods-GorgesUITests.release.xcconfig */,
			);
			name = Pods;
			sourceTree = "<group>";
		};
/* End PBXGroup section */

/* Begin PBXNativeTarget section */
		EC613F222092936800C35F11 /* Gorges */ = {
			isa = PBXNativeTarget;
			buildConfigurationList = EC613F4B2092936900C35F11 /* Build configuration list for PBXNativeTarget "Gorges" */;
			buildPhases = (
				636A240D3D6616E5C8621F2D /* [CP] Check Pods Manifest.lock */,
				EC613F1F2092936800C35F11 /* Sources */,
				EC613F202092936800C35F11 /* Frameworks */,
				EC613F212092936800C35F11 /* Resources */,
				27BF6D51745565B7EF70B9C8 /* [CP] Embed Pods Frameworks */,
			);
			buildRules = (
			);
			dependencies = (
			);
			name = Gorges;
			productName = Gorges;
			productReference = EC613F232092936800C35F11 /* Gorges.app */;
			productType = "com.apple.product-type.application";
		};
		EC613F362092936900C35F11 /* GorgesTests */ = {
			isa = PBXNativeTarget;
			buildConfigurationList = EC613F4E2092936900C35F11 /* Build configuration list for PBXNativeTarget "GorgesTests" */;
			buildPhases = (
				044C8C2DF986B6BDE480C17A /* [CP] Check Pods Manifest.lock */,
				EC613F332092936900C35F11 /* Sources */,
				EC613F342092936900C35F11 /* Frameworks */,
				EC613F352092936900C35F11 /* Resources */,
			);
			buildRules = (
			);
			dependencies = (
				EC613F392092936900C35F11 /* PBXTargetDependency */,
			);
			name = GorgesTests;
			productName = GorgesTests;
			productReference = EC613F372092936900C35F11 /* GorgesTests.xctest */;
			productType = "com.apple.product-type.bundle.unit-test";
		};
		EC613F412092936900C35F11 /* GorgesUITests */ = {
			isa = PBXNativeTarget;
			buildConfigurationList = EC613F512092936900C35F11 /* Build configuration list for PBXNativeTarget "GorgesUITests" */;
			buildPhases = (
				C17AA30A14FF3451A3502BFB /* [CP] Check Pods Manifest.lock */,
				EC613F3E2092936900C35F11 /* Sources */,
				EC613F3F2092936900C35F11 /* Frameworks */,
				EC613F402092936900C35F11 /* Resources */,
			);
			buildRules = (
			);
			dependencies = (
				EC613F442092936900C35F11 /* PBXTargetDependency */,
			);
			name = GorgesUITests;
			productName = GorgesUITests;
			productReference = EC613F422092936900C35F11 /* GorgesUITests.xctest */;
			productType = "com.apple.product-type.bundle.ui-testing";
		};
/* End PBXNativeTarget section */

/* Begin PBXProject section */
		EC613F1B2092936800C35F11 /* Project object */ = {
			isa = PBXProject;
			attributes = {
				LastSwiftUpdateCheck = 0930;
				LastUpgradeCheck = 0930;
				ORGANIZATIONNAME = "Fujia Ren";
				TargetAttributes = {
					EC613F222092936800C35F11 = {
						CreatedOnToolsVersion = 9.3;
					};
					EC613F362092936900C35F11 = {
						CreatedOnToolsVersion = 9.3;
						TestTargetID = EC613F222092936800C35F11;
					};
					EC613F412092936900C35F11 = {
						CreatedOnToolsVersion = 9.3;
						TestTargetID = EC613F222092936800C35F11;
					};
				};
			};
			buildConfigurationList = EC613F1E2092936800C35F11 /* Build configuration list for PBXProject "Gorges" */;
			compatibilityVersion = "Xcode 9.3";
			developmentRegion = en;
			hasScannedForEncodings = 0;
			knownRegions = (
				en,
				Base,
			);
			mainGroup = EC613F1A2092936800C35F11;
			productRefGroup = EC613F242092936800C35F11 /* Products */;
			projectDirPath = "";
			projectRoot = "";
			targets = (
				EC613F222092936800C35F11 /* Gorges */,
				EC613F362092936900C35F11 /* GorgesTests */,
				EC613F412092936900C35F11 /* GorgesUITests */,
			);
		};
/* End PBXProject section */

/* Begin PBXResourcesBuildPhase section */
		EC613F212092936800C35F11 /* Resources */ = {
			isa = PBXResourcesBuildPhase;
			buildActionMask = 2147483647;
			files = (
				EC613F312092936900C35F11 /* LaunchScreen.storyboard in Resources */,
				EC613F2E2092936900C35F11 /* Assets.xcassets in Resources */,
			);
			runOnlyForDeploymentPostprocessing = 0;
		};
		EC613F352092936900C35F11 /* Resources */ = {
			isa = PBXResourcesBuildPhase;
			buildActionMask = 2147483647;
			files = (
			);
			runOnlyForDeploymentPostprocessing = 0;
		};
		EC613F402092936900C35F11 /* Resources */ = {
			isa = PBXResourcesBuildPhase;
			buildActionMask = 2147483647;
			files = (
			);
			runOnlyForDeploymentPostprocessing = 0;
		};
/* End PBXResourcesBuildPhase section */

/* Begin PBXShellScriptBuildPhase section */
		044C8C2DF986B6BDE480C17A /* [CP] Check Pods Manifest.lock */ = {
			isa = PBXShellScriptBuildPhase;
			buildActionMask = 2147483647;
			files = (
			);
			inputPaths = (
				"${PODS_PODFILE_DIR_PATH}/Podfile.lock",
				"${PODS_ROOT}/Manifest.lock",
			);
			name = "[CP] Check Pods Manifest.lock";
			outputPaths = (
				"$(DERIVED_FILE_DIR)/Pods-GorgesTests-checkManifestLockResult.txt",
			);
			runOnlyForDeploymentPostprocessing = 0;
			shellPath = /bin/sh;
			shellScript = "diff \"${PODS_PODFILE_DIR_PATH}/Podfile.lock\" \"${PODS_ROOT}/Manifest.lock\" > /dev/null\nif [ $? != 0 ] ; then\n    # print error to STDERR\n    echo \"error: The sandbox is not in sync with the Podfile.lock. Run 'pod install' or update your CocoaPods installation.\" >&2\n    exit 1\nfi\n# This output is used by Xcode 'outputs' to avoid re-running this script phase.\necho \"SUCCESS\" > \"${SCRIPT_OUTPUT_FILE_0}\"\n";
			showEnvVarsInLog = 0;
		};
		27BF6D51745565B7EF70B9C8 /* [CP] Embed Pods Frameworks */ = {
			isa = PBXShellScriptBuildPhase;
			buildActionMask = 2147483647;
			files = (
			);
			inputPaths = (
				"${SRCROOT}/Pods/Target Support Files/Pods-Gorges/Pods-Gorges-frameworks.sh",
				"${BUILT_PRODUCTS_DIR}/Alamofire/Alamofire.framework",
				"${BUILT_PRODUCTS_DIR}/SwiftyJSON/SwiftyJSON.framework",
			);
			name = "[CP] Embed Pods Frameworks";
			outputPaths = (
				"${TARGET_BUILD_DIR}/${FRAMEWORKS_FOLDER_PATH}/Alamofire.framework",
				"${TARGET_BUILD_DIR}/${FRAMEWORKS_FOLDER_PATH}/SwiftyJSON.framework",
			);
			runOnlyForDeploymentPostprocessing = 0;
			shellPath = /bin/sh;
			shellScript = "\"${SRCROOT}/Pods/Target Support Files/Pods-Gorges/Pods-Gorges-frameworks.sh\"\n";
			showEnvVarsInLog = 0;
		};
		636A240D3D6616E5C8621F2D /* [CP] Check Pods Manifest.lock */ = {
			isa = PBXShellScriptBuildPhase;
			buildActionMask = 2147483647;
			files = (
			);
			inputPaths = (
				"${PODS_PODFILE_DIR_PATH}/Podfile.lock",
				"${PODS_ROOT}/Manifest.lock",
			);
			name = "[CP] Check Pods Manifest.lock";
			outputPaths = (
				"$(DERIVED_FILE_DIR)/Pods-Gorges-checkManifestLockResult.txt",
			);
			runOnlyForDeploymentPostprocessing = 0;
			shellPath = /bin/sh;
			shellScript = "diff \"${PODS_PODFILE_DIR_PATH}/Podfile.lock\" \"${PODS_ROOT}/Manifest.lock\" > /dev/null\nif [ $? != 0 ] ; then\n    # print error to STDERR\n    echo \"error: The sandbox is not in sync with the Podfile.lock. Run 'pod install' or update your CocoaPods installation.\" >&2\n    exit 1\nfi\n# This output is used by Xcode 'outputs' to avoid re-running this script phase.\necho \"SUCCESS\" > \"${SCRIPT_OUTPUT_FILE_0}\"\n";
			showEnvVarsInLog = 0;
		};
		C17AA30A14FF3451A3502BFB /* [CP] Check Pods Manifest.lock */ = {
			isa = PBXShellScriptBuildPhase;
			buildActionMask = 2147483647;
			files = (
			);
			inputPaths = (
				"${PODS_PODFILE_DIR_PATH}/Podfile.lock",
				"${PODS_ROOT}/Manifest.lock",
			);
			name = "[CP] Check Pods Manifest.lock";
			outputPaths = (
				"$(DERIVED_FILE_DIR)/Pods-GorgesUITests-checkManifestLockResult.txt",
			);
			runOnlyForDeploymentPostprocessing = 0;
			shellPath = /bin/sh;
			shellScript = "diff \"${PODS_PODFILE_DIR_PATH}/Podfile.lock\" \"${PODS_ROOT}/Manifest.lock\" > /dev/null\nif [ $? != 0 ] ; then\n    # print error to STDERR\n    echo \"error: The sandbox is not in sync with the Podfile.lock. Run 'pod install' or update your CocoaPods installation.\" >&2\n    exit 1\nfi\n# This output is used by Xcode 'outputs' to avoid re-running this script phase.\necho \"SUCCESS\" > \"${SCRIPT_OUTPUT_FILE_0}\"\n";
			showEnvVarsInLog = 0;
		};
/* End PBXShellScriptBuildPhase section */

/* Begin PBXSourcesBuildPhase section */
		EC613F1F2092936800C35F11 /* Sources */ = {
			isa = PBXSourcesBuildPhase;
			buildActionMask = 2147483647;
			files = (
				EC5A951A209A418600D728D2 /* BackgroundViewController.swift in Sources */,
				EC613F57209299D100C35F11 /* Restaurant.swift in Sources */,
				EC613F292092936800C35F11 /* SearchViewController.swift in Sources */,
				EC613F5920929FF200C35F11 /* DetailNavViewController.swift in Sources */,
				D292F32E209D4B4900692017 /* Network.swift in Sources */,
				EC613F272092936800C35F11 /* AppDelegate.swift in Sources */,
			);
			runOnlyForDeploymentPostprocessing = 0;
		};
		EC613F332092936900C35F11 /* Sources */ = {
			isa = PBXSourcesBuildPhase;
			buildActionMask = 2147483647;
			files = (
				EC613F3C2092936900C35F11 /* GorgesTests.swift in Sources */,
			);
			runOnlyForDeploymentPostprocessing = 0;
		};
		EC613F3E2092936900C35F11 /* Sources */ = {
			isa = PBXSourcesBuildPhase;
			buildActionMask = 2147483647;
			files = (
				EC613F472092936900C35F11 /* GorgesUITests.swift in Sources */,
			);
			runOnlyForDeploymentPostprocessing = 0;
		};
/* End PBXSourcesBuildPhase section */

/* Begin PBXTargetDependency section */
		EC613F392092936900C35F11 /* PBXTargetDependency */ = {
			isa = PBXTargetDependency;
			target = EC613F222092936800C35F11 /* Gorges */;
			targetProxy = EC613F382092936900C35F11 /* PBXContainerItemProxy */;
		};
		EC613F442092936900C35F11 /* PBXTargetDependency */ = {
			isa = PBXTargetDependency;
			target = EC613F222092936800C35F11 /* Gorges */;
			targetProxy = EC613F432092936900C35F11 /* PBXContainerItemProxy */;
		};
/* End PBXTargetDependency section */

/* Begin PBXVariantGroup section */
		EC613F2F2092936900C35F11 /* LaunchScreen.storyboard */ = {
			isa = PBXVariantGroup;
			children = (
				EC613F302092936900C35F11 /* Base */,
			);
			name = LaunchScreen.storyboard;
			sourceTree = "<group>";
		};
/* End PBXVariantGroup section */

/* Begin XCBuildConfiguration section */
		EC613F492092936900C35F11 /* Debug */ = {
			isa = XCBuildConfiguration;
			buildSettings = {
				ALWAYS_SEARCH_USER_PATHS = NO;
				CLANG_ANALYZER_NONNULL = YES;
				CLANG_ANALYZER_NUMBER_OBJECT_CONVERSION = YES_AGGRESSIVE;
				CLANG_CXX_LANGUAGE_STANDARD = "gnu++14";
				CLANG_CXX_LIBRARY = "libc++";
				CLANG_ENABLE_MODULES = YES;
				CLANG_ENABLE_OBJC_ARC = YES;
				CLANG_ENABLE_OBJC_WEAK = YES;
				CLANG_WARN_BLOCK_CAPTURE_AUTORELEASING = YES;
				CLANG_WARN_BOOL_CONVERSION = YES;
				CLANG_WARN_COMMA = YES;
				CLANG_WARN_CONSTANT_CONVERSION = YES;
				CLANG_WARN_DEPRECATED_OBJC_IMPLEMENTATIONS = YES;
				CLANG_WARN_DIRECT_OBJC_ISA_USAGE = YES_ERROR;
				CLANG_WARN_DOCUMENTATION_COMMENTS = YES;
				CLANG_WARN_EMPTY_BODY = YES;
				CLANG_WARN_ENUM_CONVERSION = YES;
				CLANG_WARN_INFINITE_RECURSION = YES;
				CLANG_WARN_INT_CONVERSION = YES;
				CLANG_WARN_NON_LITERAL_NULL_CONVERSION = YES;
				CLANG_WARN_OBJC_IMPLICIT_RETAIN_SELF = YES;
				CLANG_WARN_OBJC_LITERAL_CONVERSION = YES;
				CLANG_WARN_OBJC_ROOT_CLASS = YES_ERROR;
				CLANG_WARN_RANGE_LOOP_ANALYSIS = YES;
				CLANG_WARN_STRICT_PROTOTYPES = YES;
				CLANG_WARN_SUSPICIOUS_MOVE = YES;
				CLANG_WARN_UNGUARDED_AVAILABILITY = YES_AGGRESSIVE;
				CLANG_WARN_UNREACHABLE_CODE = YES;
				CLANG_WARN__DUPLICATE_METHOD_MATCH = YES;
				CODE_SIGN_IDENTITY = "iPhone Developer";
				COPY_PHASE_STRIP = NO;
				DEBUG_INFORMATION_FORMAT = dwarf;
				ENABLE_STRICT_OBJC_MSGSEND = YES;
				ENABLE_TESTABILITY = YES;
				GCC_C_LANGUAGE_STANDARD = gnu11;
				GCC_DYNAMIC_NO_PIC = NO;
				GCC_NO_COMMON_BLOCKS = YES;
				GCC_OPTIMIZATION_LEVEL = 0;
				GCC_PREPROCESSOR_DEFINITIONS = (
					"DEBUG=1",
					"$(inherited)",
				);
				GCC_WARN_64_TO_32_BIT_CONVERSION = YES;
				GCC_WARN_ABOUT_RETURN_TYPE = YES_ERROR;
				GCC_WARN_UNDECLARED_SELECTOR = YES;
				GCC_WARN_UNINITIALIZED_AUTOS = YES_AGGRESSIVE;
				GCC_WARN_UNUSED_FUNCTION = YES;
				GCC_WARN_UNUSED_VARIABLE = YES;
				IPHONEOS_DEPLOYMENT_TARGET = 11.3;
				MTL_ENABLE_DEBUG_INFO = YES;
				ONLY_ACTIVE_ARCH = YES;
				SDKROOT = iphoneos;
				SWIFT_ACTIVE_COMPILATION_CONDITIONS = DEBUG;
				SWIFT_OPTIMIZATION_LEVEL = "-Onone";
			};
			name = Debug;
		};
		EC613F4A2092936900C35F11 /* Release */ = {
			isa = XCBuildConfiguration;
			buildSettings = {
				ALWAYS_SEARCH_USER_PATHS = NO;
				CLANG_ANALYZER_NONNULL = YES;
				CLANG_ANALYZER_NUMBER_OBJECT_CONVERSION = YES_AGGRESSIVE;
				CLANG_CXX_LANGUAGE_STANDARD = "gnu++14";
				CLANG_CXX_LIBRARY = "libc++";
				CLANG_ENABLE_MODULES = YES;
				CLANG_ENABLE_OBJC_ARC = YES;
				CLANG_ENABLE_OBJC_WEAK = YES;
				CLANG_WARN_BLOCK_CAPTURE_AUTORELEASING = YES;
				CLANG_WARN_BOOL_CONVERSION = YES;
				CLANG_WARN_COMMA = YES;
				CLANG_WARN_CONSTANT_CONVERSION = YES;
				CLANG_WARN_DEPRECATED_OBJC_IMPLEMENTATIONS = YES;
				CLANG_WARN_DIRECT_OBJC_ISA_USAGE = YES_ERROR;
				CLANG_WARN_DOCUMENTATION_COMMENTS = YES;
				CLANG_WARN_EMPTY_BODY = YES;
				CLANG_WARN_ENUM_CONVERSION = YES;
				CLANG_WARN_INFINITE_RECURSION = YES;
				CLANG_WARN_INT_CONVERSION = YES;
				CLANG_WARN_NON_LITERAL_NULL_CONVERSION = YES;
				CLANG_WARN_OBJC_IMPLICIT_RETAIN_SELF = YES;
				CLANG_WARN_OBJC_LITERAL_CONVERSION = YES;
				CLANG_WARN_OBJC_ROOT_CLASS = YES_ERROR;
				CLANG_WARN_RANGE_LOOP_ANALYSIS = YES;
				CLANG_WARN_STRICT_PROTOTYPES = YES;
				CLANG_WARN_SUSPICIOUS_MOVE = YES;
				CLANG_WARN_UNGUARDED_AVAILABILITY = YES_AGGRESSIVE;
				CLANG_WARN_UNREACHABLE_CODE = YES;
				CLANG_WARN__DUPLICATE_METHOD_MATCH = YES;
				CODE_SIGN_IDENTITY = "iPhone Developer";
				COPY_PHASE_STRIP = NO;
				DEBUG_INFORMATION_FORMAT = "dwarf-with-dsym";
				ENABLE_NS_ASSERTIONS = NO;
				ENABLE_STRICT_OBJC_MSGSEND = YES;
				GCC_C_LANGUAGE_STANDARD = gnu11;
				GCC_NO_COMMON_BLOCKS = YES;
				GCC_WARN_64_TO_32_BIT_CONVERSION = YES;
				GCC_WARN_ABOUT_RETURN_TYPE = YES_ERROR;
				GCC_WARN_UNDECLARED_SELECTOR = YES;
				GCC_WARN_UNINITIALIZED_AUTOS = YES_AGGRESSIVE;
				GCC_WARN_UNUSED_FUNCTION = YES;
				GCC_WARN_UNUSED_VARIABLE = YES;
				IPHONEOS_DEPLOYMENT_TARGET = 11.3;
				MTL_ENABLE_DEBUG_INFO = NO;
				SDKROOT = iphoneos;
				SWIFT_COMPILATION_MODE = wholemodule;
				SWIFT_OPTIMIZATION_LEVEL = "-O";
				VALIDATE_PRODUCT = YES;
			};
			name = Release;
		};
		EC613F4C2092936900C35F11 /* Debug */ = {
			isa = XCBuildConfiguration;
			baseConfigurationReference = 6A5E9B3A8E69B362C0269556 /* Pods-Gorges.debug.xcconfig */;
			buildSettings = {
				ASSETCATALOG_COMPILER_APPICON_NAME = AppIcon;
				CODE_SIGN_STYLE = Automatic;
				INFOPLIST_FILE = Gorges/Info.plist;
				LD_RUNPATH_SEARCH_PATHS = (
					"$(inherited)",
					"@executable_path/Frameworks",
				);
				PRODUCT_BUNDLE_IDENTIFIER = AppDev.Gorges;
				PRODUCT_NAME = "$(TARGET_NAME)";
				SWIFT_VERSION = 4.0;
				TARGETED_DEVICE_FAMILY = "1,2";
			};
			name = Debug;
		};
		EC613F4D2092936900C35F11 /* Release */ = {
			isa = XCBuildConfiguration;
			baseConfigurationReference = 7AE7647F365D5D45F1B14BD9 /* Pods-Gorges.release.xcconfig */;
			buildSettings = {
				ASSETCATALOG_COMPILER_APPICON_NAME = AppIcon;
				CODE_SIGN_STYLE = Automatic;
				INFOPLIST_FILE = Gorges/Info.plist;
				LD_RUNPATH_SEARCH_PATHS = (
					"$(inherited)",
					"@executable_path/Frameworks",
				);
				PRODUCT_BUNDLE_IDENTIFIER = AppDev.Gorges;
				PRODUCT_NAME = "$(TARGET_NAME)";
				SWIFT_VERSION = 4.0;
				TARGETED_DEVICE_FAMILY = "1,2";
			};
			name = Release;
		};
		EC613F4F2092936900C35F11 /* Debug */ = {
			isa = XCBuildConfiguration;
			baseConfigurationReference = BF123B1047E1918CA303950C /* Pods-GorgesTests.debug.xcconfig */;
			buildSettings = {
				ALWAYS_EMBED_SWIFT_STANDARD_LIBRARIES = YES;
				BUNDLE_LOADER = "$(TEST_HOST)";
				CODE_SIGN_STYLE = Automatic;
				INFOPLIST_FILE = GorgesTests/Info.plist;
				LD_RUNPATH_SEARCH_PATHS = (
					"$(inherited)",
					"@executable_path/Frameworks",
					"@loader_path/Frameworks",
				);
				PRODUCT_BUNDLE_IDENTIFIER = AppDev.GorgesTests;
				PRODUCT_NAME = "$(TARGET_NAME)";
				SWIFT_VERSION = 4.0;
				TARGETED_DEVICE_FAMILY = "1,2";
				TEST_HOST = "$(BUILT_PRODUCTS_DIR)/Gorges.app/Gorges";
			};
			name = Debug;
		};
		EC613F502092936900C35F11 /* Release */ = {
			isa = XCBuildConfiguration;
			baseConfigurationReference = CACD3533FA30DEB397878A35 /* Pods-GorgesTests.release.xcconfig */;
			buildSettings = {
				ALWAYS_EMBED_SWIFT_STANDARD_LIBRARIES = YES;
				BUNDLE_LOADER = "$(TEST_HOST)";
				CODE_SIGN_STYLE = Automatic;
				INFOPLIST_FILE = GorgesTests/Info.plist;
				LD_RUNPATH_SEARCH_PATHS = (
					"$(inherited)",
					"@executable_path/Frameworks",
					"@loader_path/Frameworks",
				);
				PRODUCT_BUNDLE_IDENTIFIER = AppDev.GorgesTests;
				PRODUCT_NAME = "$(TARGET_NAME)";
				SWIFT_VERSION = 4.0;
				TARGETED_DEVICE_FAMILY = "1,2";
				TEST_HOST = "$(BUILT_PRODUCTS_DIR)/Gorges.app/Gorges";
			};
			name = Release;
		};
		EC613F522092936900C35F11 /* Debug */ = {
			isa = XCBuildConfiguration;
			baseConfigurationReference = B258C43A442C6E6F9F3FC160 /* Pods-GorgesUITests.debug.xcconfig */;
			buildSettings = {
				ALWAYS_EMBED_SWIFT_STANDARD_LIBRARIES = YES;
				CODE_SIGN_STYLE = Automatic;
				INFOPLIST_FILE = GorgesUITests/Info.plist;
				LD_RUNPATH_SEARCH_PATHS = (
					"$(inherited)",
					"@executable_path/Frameworks",
					"@loader_path/Frameworks",
				);
				PRODUCT_BUNDLE_IDENTIFIER = AppDev.GorgesUITests;
				PRODUCT_NAME = "$(TARGET_NAME)";
				SWIFT_VERSION = 4.0;
				TARGETED_DEVICE_FAMILY = "1,2";
				TEST_TARGET_NAME = Gorges;
			};
			name = Debug;
		};
		EC613F532092936900C35F11 /* Release */ = {
			isa = XCBuildConfiguration;
			baseConfigurationReference = DC925BD0EB8ABC19F212155A /* Pods-GorgesUITests.release.xcconfig */;
			buildSettings = {
				ALWAYS_EMBED_SWIFT_STANDARD_LIBRARIES = YES;
				CODE_SIGN_STYLE = Automatic;
				INFOPLIST_FILE = GorgesUITests/Info.plist;
				LD_RUNPATH_SEARCH_PATHS = (
					"$(inherited)",
					"@executable_path/Frameworks",
					"@loader_path/Frameworks",
				);
				PRODUCT_BUNDLE_IDENTIFIER = AppDev.GorgesUITests;
				PRODUCT_NAME = "$(TARGET_NAME)";
				SWIFT_VERSION = 4.0;
				TARGETED_DEVICE_FAMILY = "1,2";
				TEST_TARGET_NAME = Gorges;
			};
			name = Release;
		};
/* End XCBuildConfiguration section */

/* Begin XCConfigurationList section */
		EC613F1E2092936800C35F11 /* Build configuration list for PBXProject "Gorges" */ = {
			isa = XCConfigurationList;
			buildConfigurations = (
				EC613F492092936900C35F11 /* Debug */,
				EC613F4A2092936900C35F11 /* Release */,
			);
			defaultConfigurationIsVisible = 0;
			defaultConfigurationName = Release;
		};
		EC613F4B2092936900C35F11 /* Build configuration list for PBXNativeTarget "Gorges" */ = {
			isa = XCConfigurationList;
			buildConfigurations = (
				EC613F4C2092936900C35F11 /* Debug */,
				EC613F4D2092936900C35F11 /* Release */,
			);
			defaultConfigurationIsVisible = 0;
			defaultConfigurationName = Release;
		};
		EC613F4E2092936900C35F11 /* Build configuration list for PBXNativeTarget "GorgesTests" */ = {
			isa = XCConfigurationList;
			buildConfigurations = (
				EC613F4F2092936900C35F11 /* Debug */,
				EC613F502092936900C35F11 /* Release */,
			);
			defaultConfigurationIsVisible = 0;
			defaultConfigurationName = Release;
		};
		EC613F512092936900C35F11 /* Build configuration list for PBXNativeTarget "GorgesUITests" */ = {
			isa = XCConfigurationList;
			buildConfigurations = (
				EC613F522092936900C35F11 /* Debug */,
				EC613F532092936900C35F11 /* Release */,
			);
			defaultConfigurationIsVisible = 0;
			defaultConfigurationName = Release;
		};
/* End XCConfigurationList section */
	};
	rootObject = EC613F1B2092936800C35F11 /* Project object */;
}
